
Microsoft Visual Studio Solution File, Format Version 12.00
# Visual Studio Version 17
VisualStudioVersion = 17.1.32228.430
MinimumVisualStudioVersion = 10.0.40219.1
Project("{FAE04EC0-301F-11D3-BF4B-00C04F79EFBC}") = "ApiCerealCDA", "ApiCerealCDA\ApiCerealCDA.csproj", "{8C06B3EE-D8E9-4480-A254-D6BC0CC00C43}"
EndProject
Global
	GlobalSection(SolutionConfigurationPlatforms) = preSolution
		Debug|Any CPU = Debug|Any CPU
		Release|Any CPU = Release|Any CPU
	EndGlobalSection
	GlobalSection(ProjectConfigurationPlatforms) = postSolution
		{8C06B3EE-D8E9-4480-A254-D6BC0CC00C43}.Debug|Any CPU.ActiveCfg = Debug|Any CPU
		{8C06B3EE-D8E9-4480-A254-D6BC0CC00C43}.Debug|Any CPU.Build.0 = Debug|Any CPU
		{8C06B3EE-D8E9-4480-A254-D6BC0CC00C43}.Release|Any CPU.ActiveCfg = Release|Any CPU
		{8C06B3EE-D8E9-4480-A254-D6BC0CC00C43}.Release|Any CPU.Build.0 = Release|Any CPU
	EndGlobalSection
	GlobalSection(SolutionProperties) = preSolution
		HideSolutionNode = FALSE
	EndGlobalSection
	GlobalSection(ExtensibilityGlobals) = postSolution
		SolutionGuid = {D6424C58-9665-4F0C-936A-D4165B4FF8F6}
	EndGlobalSection
EndGlobal
