
Microsoft Visual Studio Solution File, Format Version 12.00
# Visual Studio Version 16
VisualStudioVersion = 16.0.31911.196
MinimumVisualStudioVersion = 10.0.40219.1
Project("{9A19103F-16F7-4668-BE54-9A1E7A4F7556}") = "HelloWorld", "HelloWorld\HelloWorld.csproj", "{CA22A25A-177B-4EF8-BB3F-0E79E0EE5D06}"
EndProject
Project("{9A19103F-16F7-4668-BE54-9A1E7A4F7556}") = "Exercice_1_1_3", "Exercice_1_1_3\Exercice_1_1_3.csproj", "{B7D522E4-153F-40EC-A9F8-598F8B496FA2}"
EndProject
Project("{9A19103F-16F7-4668-BE54-9A1E7A4F7556}") = "Exercice_1_2", "Exercice_1_2\Exercice_1_2.csproj", "{EE88D165-4884-4C37-8422-D1C5DAB03C93}"
EndProject
Project("{9A19103F-16F7-4668-BE54-9A1E7A4F7556}") = "Exercice_1_3", "Exercice_1_3\Exercice_1_3.csproj", "{6DF0795A-6F57-4580-88BD-FF0D4B12F610}"
EndProject
Project("{9A19103F-16F7-4668-BE54-9A1E7A4F7556}") = "Exercice_1_4", "Exercice_1_4\Exercice_1_4.csproj", "{50B916DE-5B28-41D6-9E21-AE8B06669DD6}"
EndProject
Project("{9A19103F-16F7-4668-BE54-9A1E7A4F7556}") = "Exercice_1_5", "Exercice_1_5\Exercice_1_5.csproj", "{B9950420-C4FD-4710-9A92-27AF0812C71E}"
EndProject
Project("{9A19103F-16F7-4668-BE54-9A1E7A4F7556}") = "Exercice_1_6", "Exercice_1_6\Exercice_1_6.csproj", "{91D4FD8A-B8A6-4E74-B47D-B3CE64CE9804}"
EndProject
Project("{9A19103F-16F7-4668-BE54-9A1E7A4F7556}") = "Exercice_1_7", "Exercice_1_7\Exercice_1_7.csproj", "{EDD8868F-77AC-4E93-AE20-79EC703583F8}"
EndProject
Project("{9A19103F-16F7-4668-BE54-9A1E7A4F7556}") = "Exercice_1_8", "Exercice_1_8\Exercice_1_8.csproj", "{FDAEC6DA-E783-4833-BFB2-0854AF8E0A7D}"
EndProject
Project("{9A19103F-16F7-4668-BE54-9A1E7A4F7556}") = "Exercice_1_9", "Exercice_1_9\Exercice_1_9.csproj", "{3E1EF6D8-0403-48EE-836A-33582C2A6912}"
EndProject
Project("{9A19103F-16F7-4668-BE54-9A1E7A4F7556}") = "Exercice_1_10", "Exercice_1_10\Exercice_1_10.csproj", "{23341DC2-FB51-4A34-A8E0-462785D1411D}"
EndProject
Project("{9A19103F-16F7-4668-BE54-9A1E7A4F7556}") = "Exercice_2_1", "Exercice_2_1\Exercice_2_1.csproj", "{17CCA9E3-49A8-4439-A2D3-DE08EA2CE4C0}"
EndProject
Project("{9A19103F-16F7-4668-BE54-9A1E7A4F7556}") = "Exercice_2_3", "Exercice_2_3\Exercice_2_3.csproj", "{B6796C8E-88B5-4902-A61B-ADBFCFD3AB12}"
EndProject
Project("{9A19103F-16F7-4668-BE54-9A1E7A4F7556}") = "Exercice_2_4", "Exercice_2_4\Exercice_2_4.csproj", "{BFF4A40C-B9FB-4089-96DD-4CE0EAB4F1D6}"
EndProject
Project("{9A19103F-16F7-4668-BE54-9A1E7A4F7556}") = "Exercice_2_5", "Exercice_2_5\Exercice_2_5.csproj", "{A464A559-AA76-4AC1-8496-F4C7560E4FE8}"
EndProject
Project("{9A19103F-16F7-4668-BE54-9A1E7A4F7556}") = "Exercice_2_7", "Exercice_2_7\Exercice_2_7.csproj", "{BF5DA970-9CAD-4861-A48A-6795887B6705}"
EndProject
Project("{9A19103F-16F7-4668-BE54-9A1E7A4F7556}") = "Exercice_2_6", "Exercice_2_6\Exercice_2_6.csproj", "{98F52666-19A5-48BD-B034-8194FC0DF985}"
EndProject
Project("{9A19103F-16F7-4668-BE54-9A1E7A4F7556}") = "Tri_A_Bulle", "Tri_A_Bulle\Tri_A_Bulle.csproj", "{E66A8F52-3B6C-4857-BA2A-ED05A765B89D}"
EndProject
Project("{FAE04EC0-301F-11D3-BF4B-00C04F79EFBC}") = "Exercice_3_1", "Exercice_3_1\Exercice_3_1.csproj", "{C815EA8F-2974-4653-9DE6-917253F57E22}"
EndProject
Global
	GlobalSection(SolutionConfigurationPlatforms) = preSolution
		Debug|Any CPU = Debug|Any CPU
		Release|Any CPU = Release|Any CPU
	EndGlobalSection
	GlobalSection(ProjectConfigurationPlatforms) = postSolution
		{CA22A25A-177B-4EF8-BB3F-0E79E0EE5D06}.Debug|Any CPU.ActiveCfg = Debug|Any CPU
		{CA22A25A-177B-4EF8-BB3F-0E79E0EE5D06}.Debug|Any CPU.Build.0 = Debug|Any CPU
		{CA22A25A-177B-4EF8-BB3F-0E79E0EE5D06}.Release|Any CPU.ActiveCfg = Release|Any CPU
		{CA22A25A-177B-4EF8-BB3F-0E79E0EE5D06}.Release|Any CPU.Build.0 = Release|Any CPU
		{B7D522E4-153F-40EC-A9F8-598F8B496FA2}.Debug|Any CPU.ActiveCfg = Debug|Any CPU
		{B7D522E4-153F-40EC-A9F8-598F8B496FA2}.Debug|Any CPU.Build.0 = Debug|Any CPU
		{B7D522E4-153F-40EC-A9F8-598F8B496FA2}.Release|Any CPU.ActiveCfg = Release|Any CPU
		{B7D522E4-153F-40EC-A9F8-598F8B496FA2}.Release|Any CPU.Build.0 = Release|Any CPU
		{EE88D165-4884-4C37-8422-D1C5DAB03C93}.Debug|Any CPU.ActiveCfg = Debug|Any CPU
		{EE88D165-4884-4C37-8422-D1C5DAB03C93}.Debug|Any CPU.Build.0 = Debug|Any CPU
		{EE88D165-4884-4C37-8422-D1C5DAB03C93}.Release|Any CPU.ActiveCfg = Release|Any CPU
		{EE88D165-4884-4C37-8422-D1C5DAB03C93}.Release|Any CPU.Build.0 = Release|Any CPU
		{6DF0795A-6F57-4580-88BD-FF0D4B12F610}.Debug|Any CPU.ActiveCfg = Debug|Any CPU
		{6DF0795A-6F57-4580-88BD-FF0D4B12F610}.Debug|Any CPU.Build.0 = Debug|Any CPU
		{6DF0795A-6F57-4580-88BD-FF0D4B12F610}.Release|Any CPU.ActiveCfg = Release|Any CPU
		{6DF0795A-6F57-4580-88BD-FF0D4B12F610}.Release|Any CPU.Build.0 = Release|Any CPU
		{50B916DE-5B28-41D6-9E21-AE8B06669DD6}.Debug|Any CPU.ActiveCfg = Debug|Any CPU
		{50B916DE-5B28-41D6-9E21-AE8B06669DD6}.Debug|Any CPU.Build.0 = Debug|Any CPU
		{50B916DE-5B28-41D6-9E21-AE8B06669DD6}.Release|Any CPU.ActiveCfg = Release|Any CPU
		{50B916DE-5B28-41D6-9E21-AE8B06669DD6}.Release|Any CPU.Build.0 = Release|Any CPU
		{B9950420-C4FD-4710-9A92-27AF0812C71E}.Debug|Any CPU.ActiveCfg = Debug|Any CPU
		{B9950420-C4FD-4710-9A92-27AF0812C71E}.Debug|Any CPU.Build.0 = Debug|Any CPU
		{B9950420-C4FD-4710-9A92-27AF0812C71E}.Release|Any CPU.ActiveCfg = Release|Any CPU
		{B9950420-C4FD-4710-9A92-27AF0812C71E}.Release|Any CPU.Build.0 = Release|Any CPU
		{91D4FD8A-B8A6-4E74-B47D-B3CE64CE9804}.Debug|Any CPU.ActiveCfg = Debug|Any CPU
		{91D4FD8A-B8A6-4E74-B47D-B3CE64CE9804}.Debug|Any CPU.Build.0 = Debug|Any CPU
		{91D4FD8A-B8A6-4E74-B47D-B3CE64CE9804}.Release|Any CPU.ActiveCfg = Release|Any CPU
		{91D4FD8A-B8A6-4E74-B47D-B3CE64CE9804}.Release|Any CPU.Build.0 = Release|Any CPU
		{EDD8868F-77AC-4E93-AE20-79EC703583F8}.Debug|Any CPU.ActiveCfg = Debug|Any CPU
		{EDD8868F-77AC-4E93-AE20-79EC703583F8}.Debug|Any CPU.Build.0 = Debug|Any CPU
		{EDD8868F-77AC-4E93-AE20-79EC703583F8}.Release|Any CPU.ActiveCfg = Release|Any CPU
		{EDD8868F-77AC-4E93-AE20-79EC703583F8}.Release|Any CPU.Build.0 = Release|Any CPU
		{FDAEC6DA-E783-4833-BFB2-0854AF8E0A7D}.Debug|Any CPU.ActiveCfg = Debug|Any CPU
		{FDAEC6DA-E783-4833-BFB2-0854AF8E0A7D}.Debug|Any CPU.Build.0 = Debug|Any CPU
		{FDAEC6DA-E783-4833-BFB2-0854AF8E0A7D}.Release|Any CPU.ActiveCfg = Release|Any CPU
		{FDAEC6DA-E783-4833-BFB2-0854AF8E0A7D}.Release|Any CPU.Build.0 = Release|Any CPU
		{3E1EF6D8-0403-48EE-836A-33582C2A6912}.Debug|Any CPU.ActiveCfg = Debug|Any CPU
		{3E1EF6D8-0403-48EE-836A-33582C2A6912}.Debug|Any CPU.Build.0 = Debug|Any CPU
		{3E1EF6D8-0403-48EE-836A-33582C2A6912}.Release|Any CPU.ActiveCfg = Release|Any CPU
		{3E1EF6D8-0403-48EE-836A-33582C2A6912}.Release|Any CPU.Build.0 = Release|Any CPU
		{23341DC2-FB51-4A34-A8E0-462785D1411D}.Debug|Any CPU.ActiveCfg = Debug|Any CPU
		{23341DC2-FB51-4A34-A8E0-462785D1411D}.Debug|Any CPU.Build.0 = Debug|Any CPU
		{23341DC2-FB51-4A34-A8E0-462785D1411D}.Release|Any CPU.ActiveCfg = Release|Any CPU
		{23341DC2-FB51-4A34-A8E0-462785D1411D}.Release|Any CPU.Build.0 = Release|Any CPU
		{17CCA9E3-49A8-4439-A2D3-DE08EA2CE4C0}.Debug|Any CPU.ActiveCfg = Debug|Any CPU
		{17CCA9E3-49A8-4439-A2D3-DE08EA2CE4C0}.Debug|Any CPU.Build.0 = Debug|Any CPU
		{17CCA9E3-49A8-4439-A2D3-DE08EA2CE4C0}.Release|Any CPU.ActiveCfg = Release|Any CPU
		{17CCA9E3-49A8-4439-A2D3-DE08EA2CE4C0}.Release|Any CPU.Build.0 = Release|Any CPU
		{B6796C8E-88B5-4902-A61B-ADBFCFD3AB12}.Debug|Any CPU.ActiveCfg = Debug|Any CPU
		{B6796C8E-88B5-4902-A61B-ADBFCFD3AB12}.Debug|Any CPU.Build.0 = Debug|Any CPU
		{B6796C8E-88B5-4902-A61B-ADBFCFD3AB12}.Release|Any CPU.ActiveCfg = Release|Any CPU
		{B6796C8E-88B5-4902-A61B-ADBFCFD3AB12}.Release|Any CPU.Build.0 = Release|Any CPU
		{BFF4A40C-B9FB-4089-96DD-4CE0EAB4F1D6}.Debug|Any CPU.ActiveCfg = Debug|Any CPU
		{BFF4A40C-B9FB-4089-96DD-4CE0EAB4F1D6}.Debug|Any CPU.Build.0 = Debug|Any CPU
		{BFF4A40C-B9FB-4089-96DD-4CE0EAB4F1D6}.Release|Any CPU.ActiveCfg = Release|Any CPU
		{BFF4A40C-B9FB-4089-96DD-4CE0EAB4F1D6}.Release|Any CPU.Build.0 = Release|Any CPU
		{A464A559-AA76-4AC1-8496-F4C7560E4FE8}.Debug|Any CPU.ActiveCfg = Debug|Any CPU
		{A464A559-AA76-4AC1-8496-F4C7560E4FE8}.Debug|Any CPU.Build.0 = Debug|Any CPU
		{A464A559-AA76-4AC1-8496-F4C7560E4FE8}.Release|Any CPU.ActiveCfg = Release|Any CPU
		{A464A559-AA76-4AC1-8496-F4C7560E4FE8}.Release|Any CPU.Build.0 = Release|Any CPU
		{BF5DA970-9CAD-4861-A48A-6795887B6705}.Debug|Any CPU.ActiveCfg = Debug|Any CPU
		{BF5DA970-9CAD-4861-A48A-6795887B6705}.Debug|Any CPU.Build.0 = Debug|Any CPU
		{BF5DA970-9CAD-4861-A48A-6795887B6705}.Release|Any CPU.ActiveCfg = Release|Any CPU
		{BF5DA970-9CAD-4861-A48A-6795887B6705}.Release|Any CPU.Build.0 = Release|Any CPU
		{98F52666-19A5-48BD-B034-8194FC0DF985}.Debug|Any CPU.ActiveCfg = Debug|Any CPU
		{98F52666-19A5-48BD-B034-8194FC0DF985}.Debug|Any CPU.Build.0 = Debug|Any CPU
		{98F52666-19A5-48BD-B034-8194FC0DF985}.Release|Any CPU.ActiveCfg = Release|Any CPU
		{98F52666-19A5-48BD-B034-8194FC0DF985}.Release|Any CPU.Build.0 = Release|Any CPU
		{E66A8F52-3B6C-4857-BA2A-ED05A765B89D}.Debug|Any CPU.ActiveCfg = Debug|Any CPU
		{E66A8F52-3B6C-4857-BA2A-ED05A765B89D}.Debug|Any CPU.Build.0 = Debug|Any CPU
		{E66A8F52-3B6C-4857-BA2A-ED05A765B89D}.Release|Any CPU.ActiveCfg = Release|Any CPU
		{E66A8F52-3B6C-4857-BA2A-ED05A765B89D}.Release|Any CPU.Build.0 = Release|Any CPU
		{C815EA8F-2974-4653-9DE6-917253F57E22}.Debug|Any CPU.ActiveCfg = Debug|Any CPU
		{C815EA8F-2974-4653-9DE6-917253F57E22}.Debug|Any CPU.Build.0 = Debug|Any CPU
		{C815EA8F-2974-4653-9DE6-917253F57E22}.Release|Any CPU.ActiveCfg = Release|Any CPU
		{C815EA8F-2974-4653-9DE6-917253F57E22}.Release|Any CPU.Build.0 = Release|Any CPU
	EndGlobalSection
	GlobalSection(SolutionProperties) = preSolution
		HideSolutionNode = FALSE
	EndGlobalSection
	GlobalSection(ExtensibilityGlobals) = postSolution
		SolutionGuid = {891BBD99-4DC7-4A0A-8D37-BB71EAE34320}
	EndGlobalSection
EndGlobal
