
Microsoft Visual Studio Solution File, Format Version 12.00
# Visual Studio Version 16
VisualStudioVersion = 16.0.31911.196
MinimumVisualStudioVersion = 10.0.40219.1
Project("{9A19103F-16F7-4668-BE54-9A1E7A4F7556}") = "HelloWorld", "HelloWorld\HelloWorld.csproj", "{CA22A25A-177B-4EF8-BB3F-0E79E0EE5D06}"
EndProject
Project("{9A19103F-16F7-4668-BE54-9A1E7A4F7556}") = "Exercice_1_1_3", "Exercice_1_1_3\Exercice_1_1_3.csproj", "{B7D522E4-153F-40EC-A9F8-598F8B496FA2}"
EndProject
Project("{9A19103F-16F7-4668-BE54-9A1E7A4F7556}") = "Exercice_1_2", "Exercice_1_2\Exercice_1_2.csproj", "{EE88D165-4884-4C37-8422-D1C5DAB03C93}"
EndProject
Project("{9A19103F-16F7-4668-BE54-9A1E7A4F7556}") = "Exercice_1_3", "Exercice_1_3\Exercice_1_3.csproj", "{6DF0795A-6F57-4580-88BD-FF0D4B12F610}"
EndProject
Project("{9A19103F-16F7-4668-BE54-9A1E7A4F7556}") = "Exercice_1_4", "Exercice_1_4\Exercice_1_4.csproj", "{50B916DE-5B28-41D6-9E21-AE8B06669DD6}"
EndProject
Project("{9A19103F-16F7-4668-BE54-9A1E7A4F7556}") = "Exercice_1_5", "Exercice_1_5\Exercice_1_5.csproj", "{B9950420-C4FD-4710-9A92-27AF0812C71E}"
EndProject
Project("{9A19103F-16F7-4668-BE54-9A1E7A4F7556}") = "Exercice_1_6", "Exercice_1_6\Exercice_1_6.csproj", "{91D4FD8A-B8A6-4E74-B47D-B3CE64CE9804}"
EndProject
Project("{FAE04EC0-301F-11D3-BF4B-00C04F79EFBC}") = "Exercice_1_7", "Exercice_1_7\Exercice_1_7.csproj", "{EDD8868F-77AC-4E93-AE20-79EC703583F8}"
EndProject
Project("{FAE04EC0-301F-11D3-BF4B-00C04F79EFBC}") = "Exercice_1_8", "Exercice_1_8\Exercice_1_8.csproj", "{FDAEC6DA-E783-4833-BFB2-0854AF8E0A7D}"
EndProject
Project("{FAE04EC0-301F-11D3-BF4B-00C04F79EFBC}") = "Exercice_1_9", "Exercice_1_9\Exercice_1_9.csproj", "{3E1EF6D8-0403-48EE-836A-33582C2A6912}"
EndProject
Project("{FAE04EC0-301F-11D3-BF4B-00C04F79EFBC}") = "Exercice_1_10", "Exercice_1_10\Exercice_1_10.csproj", "{23341DC2-FB51-4A34-A8E0-462785D1411D}"
EndProject
Global
	GlobalSection(SolutionConfigurationPlatforms) = preSolution
		Debug|Any CPU = Debug|Any CPU
		Release|Any CPU = Release|Any CPU
	EndGlobalSection
	GlobalSection(ProjectConfigurationPlatforms) = postSolution
		{CA22A25A-177B-4EF8-BB3F-0E79E0EE5D06}.Debug|Any CPU.ActiveCfg = Debug|Any CPU
		{CA22A25A-177B-4EF8-BB3F-0E79E0EE5D06}.Debug|Any CPU.Build.0 = Debug|Any CPU
		{CA22A25A-177B-4EF8-BB3F-0E79E0EE5D06}.Release|Any CPU.ActiveCfg = Release|Any CPU
		{CA22A25A-177B-4EF8-BB3F-0E79E0EE5D06}.Release|Any CPU.Build.0 = Release|Any CPU
		{B7D522E4-153F-40EC-A9F8-598F8B496FA2}.Debug|Any CPU.ActiveCfg = Debug|Any CPU
		{B7D522E4-153F-40EC-A9F8-598F8B496FA2}.Debug|Any CPU.Build.0 = Debug|Any CPU
		{B7D522E4-153F-40EC-A9F8-598F8B496FA2}.Release|Any CPU.ActiveCfg = Release|Any CPU
		{B7D522E4-153F-40EC-A9F8-598F8B496FA2}.Release|Any CPU.Build.0 = Release|Any CPU
		{EE88D165-4884-4C37-8422-D1C5DAB03C93}.Debug|Any CPU.ActiveCfg = Debug|Any CPU
		{EE88D165-4884-4C37-8422-D1C5DAB03C93}.Debug|Any CPU.Build.0 = Debug|Any CPU
		{EE88D165-4884-4C37-8422-D1C5DAB03C93}.Release|Any CPU.ActiveCfg = Release|Any CPU
		{EE88D165-4884-4C37-8422-D1C5DAB03C93}.Release|Any CPU.Build.0 = Release|Any CPU
		{6DF0795A-6F57-4580-88BD-FF0D4B12F610}.Debug|Any CPU.ActiveCfg = Debug|Any CPU
		{6DF0795A-6F57-4580-88BD-FF0D4B12F610}.Debug|Any CPU.Build.0 = Debug|Any CPU
		{6DF0795A-6F57-4580-88BD-FF0D4B12F610}.Release|Any CPU.ActiveCfg = Release|Any CPU
		{6DF0795A-6F57-4580-88BD-FF0D4B12F610}.Release|Any CPU.Build.0 = Release|Any CPU
		{50B916DE-5B28-41D6-9E21-AE8B06669DD6}.Debug|Any CPU.ActiveCfg = Debug|Any CPU
		{50B916DE-5B28-41D6-9E21-AE8B06669DD6}.Debug|Any CPU.Build.0 = Debug|Any CPU
		{50B916DE-5B28-41D6-9E21-AE8B06669DD6}.Release|Any CPU.ActiveCfg = Release|Any CPU
		{50B916DE-5B28-41D6-9E21-AE8B06669DD6}.Release|Any CPU.Build.0 = Release|Any CPU
		{B9950420-C4FD-4710-9A92-27AF0812C71E}.Debug|Any CPU.ActiveCfg = Debug|Any CPU
		{B9950420-C4FD-4710-9A92-27AF0812C71E}.Debug|Any CPU.Build.0 = Debug|Any CPU
		{B9950420-C4FD-4710-9A92-27AF0812C71E}.Release|Any CPU.ActiveCfg = Release|Any CPU
		{B9950420-C4FD-4710-9A92-27AF0812C71E}.Release|Any CPU.Build.0 = Release|Any CPU
		{91D4FD8A-B8A6-4E74-B47D-B3CE64CE9804}.Debug|Any CPU.ActiveCfg = Debug|Any CPU
		{91D4FD8A-B8A6-4E74-B47D-B3CE64CE9804}.Debug|Any CPU.Build.0 = Debug|Any CPU
		{91D4FD8A-B8A6-4E74-B47D-B3CE64CE9804}.Release|Any CPU.ActiveCfg = Release|Any CPU
		{91D4FD8A-B8A6-4E74-B47D-B3CE64CE9804}.Release|Any CPU.Build.0 = Release|Any CPU
		{EDD8868F-77AC-4E93-AE20-79EC703583F8}.Debug|Any CPU.ActiveCfg = Debug|Any CPU
		{EDD8868F-77AC-4E93-AE20-79EC703583F8}.Debug|Any CPU.Build.0 = Debug|Any CPU
		{EDD8868F-77AC-4E93-AE20-79EC703583F8}.Release|Any CPU.ActiveCfg = Release|Any CPU
		{EDD8868F-77AC-4E93-AE20-79EC703583F8}.Release|Any CPU.Build.0 = Release|Any CPU
		{FDAEC6DA-E783-4833-BFB2-0854AF8E0A7D}.Debug|Any CPU.ActiveCfg = Debug|Any CPU
		{FDAEC6DA-E783-4833-BFB2-0854AF8E0A7D}.Debug|Any CPU.Build.0 = Debug|Any CPU
		{FDAEC6DA-E783-4833-BFB2-0854AF8E0A7D}.Release|Any CPU.ActiveCfg = Release|Any CPU
		{FDAEC6DA-E783-4833-BFB2-0854AF8E0A7D}.Release|Any CPU.Build.0 = Release|Any CPU
		{3E1EF6D8-0403-48EE-836A-33582C2A6912}.Debug|Any CPU.ActiveCfg = Debug|Any CPU
		{3E1EF6D8-0403-48EE-836A-33582C2A6912}.Debug|Any CPU.Build.0 = Debug|Any CPU
		{3E1EF6D8-0403-48EE-836A-33582C2A6912}.Release|Any CPU.ActiveCfg = Release|Any CPU
		{3E1EF6D8-0403-48EE-836A-33582C2A6912}.Release|Any CPU.Build.0 = Release|Any CPU
		{23341DC2-FB51-4A34-A8E0-462785D1411D}.Debug|Any CPU.ActiveCfg = Debug|Any CPU
		{23341DC2-FB51-4A34-A8E0-462785D1411D}.Debug|Any CPU.Build.0 = Debug|Any CPU
		{23341DC2-FB51-4A34-A8E0-462785D1411D}.Release|Any CPU.ActiveCfg = Release|Any CPU
		{23341DC2-FB51-4A34-A8E0-462785D1411D}.Release|Any CPU.Build.0 = Release|Any CPU
	EndGlobalSection
	GlobalSection(SolutionProperties) = preSolution
		HideSolutionNode = FALSE
	EndGlobalSection
	GlobalSection(ExtensibilityGlobals) = postSolution
		SolutionGuid = {891BBD99-4DC7-4A0A-8D37-BB71EAE34320}
	EndGlobalSection
EndGlobal
