
Microsoft Visual Studio Solution File, Format Version 12.00
# Visual Studio Version 17
VisualStudioVersion = 17.2.32505.173
MinimumVisualStudioVersion = 10.0.40219.1
Project("{FAE04EC0-301F-11D3-BF4B-00C04F79EFBC}") = "winformIntro", "winformIntro\winformIntro.csproj", "{ED308C21-2BD0-47F3-8A69-8E5A814A92FA}"
EndProject
Global
	GlobalSection(SolutionConfigurationPlatforms) = preSolution
		Debug|Any CPU = Debug|Any CPU
		Release|Any CPU = Release|Any CPU
	EndGlobalSection
	GlobalSection(ProjectConfigurationPlatforms) = postSolution
		{ED308C21-2BD0-47F3-8A69-8E5A814A92FA}.Debug|Any CPU.ActiveCfg = Debug|Any CPU
		{ED308C21-2BD0-47F3-8A69-8E5A814A92FA}.Debug|Any CPU.Build.0 = Debug|Any CPU
		{ED308C21-2BD0-47F3-8A69-8E5A814A92FA}.Release|Any CPU.ActiveCfg = Release|Any CPU
		{ED308C21-2BD0-47F3-8A69-8E5A814A92FA}.Release|Any CPU.Build.0 = Release|Any CPU
	EndGlobalSection
	GlobalSection(SolutionProperties) = preSolution
		HideSolutionNode = FALSE
	EndGlobalSection
	GlobalSection(ExtensibilityGlobals) = postSolution
		SolutionGuid = {7EF7BC7E-66C7-4036-B4A7-96A2388426F3}
	EndGlobalSection
EndGlobal
