
Microsoft Visual Studio Solution File, Format Version 12.00
# Visual Studio Version 17
VisualStudioVersion = 17.2.32526.322
MinimumVisualStudioVersion = 10.0.40219.1
Project("{FAE04EC0-301F-11D3-BF4B-00C04F79EFBC}") = "TreeView", "TreeView\TreeView.csproj", "{8D86C7AD-59BB-45FE-A306-F2DDE3D1CE74}"
EndProject
Global
	GlobalSection(SolutionConfigurationPlatforms) = preSolution
		Debug|Any CPU = Debug|Any CPU
		Release|Any CPU = Release|Any CPU
	EndGlobalSection
	GlobalSection(ProjectConfigurationPlatforms) = postSolution
		{8D86C7AD-59BB-45FE-A306-F2DDE3D1CE74}.Debug|Any CPU.ActiveCfg = Debug|Any CPU
		{8D86C7AD-59BB-45FE-A306-F2DDE3D1CE74}.Debug|Any CPU.Build.0 = Debug|Any CPU
		{8D86C7AD-59BB-45FE-A306-F2DDE3D1CE74}.Release|Any CPU.ActiveCfg = Release|Any CPU
		{8D86C7AD-59BB-45FE-A306-F2DDE3D1CE74}.Release|Any CPU.Build.0 = Release|Any CPU
	EndGlobalSection
	GlobalSection(SolutionProperties) = preSolution
		HideSolutionNode = FALSE
	EndGlobalSection
	GlobalSection(ExtensibilityGlobals) = postSolution
		SolutionGuid = {AEBF7F15-E748-42BF-907F-D4161D593224}
	EndGlobalSection
EndGlobal
