
Microsoft Visual Studio Solution File, Format Version 12.00
# Visual Studio Version 17
VisualStudioVersion = 17.2.32526.322
MinimumVisualStudioVersion = 10.0.40219.1
Project("{9A19103F-16F7-4668-BE54-9A1E7A4F7556}") = "HttpServer", "HttpServer\HttpServer.csproj", "{E2FA3391-58DA-4E14-924F-2D137E6AA676}"
EndProject
Project("{FAE04EC0-301F-11D3-BF4B-00C04F79EFBC}") = "ThreadManagement", "ThreadManagement\ThreadManagement.csproj", "{57322281-660B-46EA-88A1-1084269F9CF6}"
EndProject
Global
	GlobalSection(SolutionConfigurationPlatforms) = preSolution
		Debug|Any CPU = Debug|Any CPU
		Release|Any CPU = Release|Any CPU
	EndGlobalSection
	GlobalSection(ProjectConfigurationPlatforms) = postSolution
		{E2FA3391-58DA-4E14-924F-2D137E6AA676}.Debug|Any CPU.ActiveCfg = Debug|Any CPU
		{E2FA3391-58DA-4E14-924F-2D137E6AA676}.Debug|Any CPU.Build.0 = Debug|Any CPU
		{E2FA3391-58DA-4E14-924F-2D137E6AA676}.Release|Any CPU.ActiveCfg = Release|Any CPU
		{E2FA3391-58DA-4E14-924F-2D137E6AA676}.Release|Any CPU.Build.0 = Release|Any CPU
		{57322281-660B-46EA-88A1-1084269F9CF6}.Debug|Any CPU.ActiveCfg = Debug|Any CPU
		{57322281-660B-46EA-88A1-1084269F9CF6}.Debug|Any CPU.Build.0 = Debug|Any CPU
		{57322281-660B-46EA-88A1-1084269F9CF6}.Release|Any CPU.ActiveCfg = Release|Any CPU
		{57322281-660B-46EA-88A1-1084269F9CF6}.Release|Any CPU.Build.0 = Release|Any CPU
	EndGlobalSection
	GlobalSection(SolutionProperties) = preSolution
		HideSolutionNode = FALSE
	EndGlobalSection
	GlobalSection(ExtensibilityGlobals) = postSolution
		SolutionGuid = {5D74B784-E458-4DB3-8536-DB403CBB8836}
	EndGlobalSection
EndGlobal
