
Microsoft Visual Studio Solution File, Format Version 12.00
# Visual Studio Version 17
VisualStudioVersion = 17.1.32228.430
MinimumVisualStudioVersion = 10.0.40219.1
Project("{FAE04EC0-301F-11D3-BF4B-00C04F79EFBC}") = "TodoApi", "TodoApi\TodoApi.csproj", "{83024824-4929-46BC-9AAB-919EEF0DA4DD}"
EndProject
Global
	GlobalSection(SolutionConfigurationPlatforms) = preSolution
		Debug|Any CPU = Debug|Any CPU
		Release|Any CPU = Release|Any CPU
	EndGlobalSection
	GlobalSection(ProjectConfigurationPlatforms) = postSolution
		{83024824-4929-46BC-9AAB-919EEF0DA4DD}.Debug|Any CPU.ActiveCfg = Debug|Any CPU
		{83024824-4929-46BC-9AAB-919EEF0DA4DD}.Debug|Any CPU.Build.0 = Debug|Any CPU
		{83024824-4929-46BC-9AAB-919EEF0DA4DD}.Release|Any CPU.ActiveCfg = Release|Any CPU
		{83024824-4929-46BC-9AAB-919EEF0DA4DD}.Release|Any CPU.Build.0 = Release|Any CPU
	EndGlobalSection
	GlobalSection(SolutionProperties) = preSolution
		HideSolutionNode = FALSE
	EndGlobalSection
	GlobalSection(ExtensibilityGlobals) = postSolution
		SolutionGuid = {869251CB-D173-4069-AC20-ECE1B75B60C4}
	EndGlobalSection
EndGlobal
