
Microsoft Visual Studio Solution File, Format Version 12.00
# Visual Studio Version 16
VisualStudioVersion = 16.0.32002.261
MinimumVisualStudioVersion = 10.0.40219.1
Project("{FAE04EC0-301F-11D3-BF4B-00C04F79EFBC}") = "test_1", "test_1\test_1.csproj", "{603F83BE-2D63-4C9F-886F-F1FFD82DC3A9}"
EndProject
Global
	GlobalSection(SolutionConfigurationPlatforms) = preSolution
		Debug|Any CPU = Debug|Any CPU
		Release|Any CPU = Release|Any CPU
	EndGlobalSection
	GlobalSection(ProjectConfigurationPlatforms) = postSolution
		{603F83BE-2D63-4C9F-886F-F1FFD82DC3A9}.Debug|Any CPU.ActiveCfg = Debug|Any CPU
		{603F83BE-2D63-4C9F-886F-F1FFD82DC3A9}.Debug|Any CPU.Build.0 = Debug|Any CPU
		{603F83BE-2D63-4C9F-886F-F1FFD82DC3A9}.Release|Any CPU.ActiveCfg = Release|Any CPU
		{603F83BE-2D63-4C9F-886F-F1FFD82DC3A9}.Release|Any CPU.Build.0 = Release|Any CPU
	EndGlobalSection
	GlobalSection(SolutionProperties) = preSolution
		HideSolutionNode = FALSE
	EndGlobalSection
	GlobalSection(ExtensibilityGlobals) = postSolution
		SolutionGuid = {B5CA1F85-99B9-4DC4-96CC-14B88DBBDCCC}
	EndGlobalSection
EndGlobal
