
Microsoft Visual Studio Solution File, Format Version 12.00
# Visual Studio Version 17
VisualStudioVersion = 17.2.32505.173
MinimumVisualStudioVersion = 10.0.40219.1
Project("{9A19103F-16F7-4668-BE54-9A1E7A4F7556}") = "Calculator", "Calculator\Calculator.csproj", "{DB35C139-CA0C-47E3-97B5-9ECD1C21C7A7}"
EndProject
Project("{9A19103F-16F7-4668-BE54-9A1E7A4F7556}") = "ValidationOfTheEntry", "ValidationOfTheEntry\ValidationOfTheEntry.csproj", "{EB716467-8002-450C-A1BE-D3F2649D2F9E}"
EndProject
Project("{9A19103F-16F7-4668-BE54-9A1E7A4F7556}") = "CheckBoxAndRadioButtons", "CheckBoxAndRadioButtons\CheckBoxAndRadioButtons.csproj", "{7B646C7F-8019-4484-B8D1-1657895000EF}"
EndProject
Project("{9A19103F-16F7-4668-BE54-9A1E7A4F7556}") = "LibInputValidation", "LibInputValidation\LibInputValidation.csproj", "{3A804FC6-07E7-44C8-9245-026FDA9202DE}"
EndProject
Project("{9A19103F-16F7-4668-BE54-9A1E7A4F7556}") = "TestOnValidationOfEntry", "TestOnValidationOfEntry\TestOnValidationOfEntry.csproj", "{95D4368D-92D9-48D4-ADDC-AEC37912E06B}"
EndProject
Project("{9A19103F-16F7-4668-BE54-9A1E7A4F7556}") = "BasicOperationsOnListBox", "BasicOperationsOnListBox\BasicOperationsOnListBox.csproj", "{84D46237-E19E-499C-B848-42D5530532A8}"
EndProject
Project("{9A19103F-16F7-4668-BE54-9A1E7A4F7556}") = "ListBoxAndComboBox", "ListBoxAndComboBox\ListBoxAndComboBox.csproj", "{34A4B00C-81D3-4AC7-BF0C-34BC12669B07}"
EndProject
Project("{9A19103F-16F7-4668-BE54-9A1E7A4F7556}") = "DefilementComponents", "DefilementComponents\DefilementComponents.csproj", "{A381C6FE-92C7-4E28-9E9D-F3218B85A312}"
EndProject
Project("{FAE04EC0-301F-11D3-BF4B-00C04F79EFBC}") = "TakeALoan", "TakeALoan\TakeALoan.csproj", "{115B7FC5-CFBC-4CFF-91C4-7824633C6A18}"
EndProject
Global
	GlobalSection(SolutionConfigurationPlatforms) = preSolution
		Debug|Any CPU = Debug|Any CPU
		Release|Any CPU = Release|Any CPU
	EndGlobalSection
	GlobalSection(ProjectConfigurationPlatforms) = postSolution
		{DB35C139-CA0C-47E3-97B5-9ECD1C21C7A7}.Debug|Any CPU.ActiveCfg = Debug|Any CPU
		{DB35C139-CA0C-47E3-97B5-9ECD1C21C7A7}.Debug|Any CPU.Build.0 = Debug|Any CPU
		{DB35C139-CA0C-47E3-97B5-9ECD1C21C7A7}.Release|Any CPU.ActiveCfg = Release|Any CPU
		{DB35C139-CA0C-47E3-97B5-9ECD1C21C7A7}.Release|Any CPU.Build.0 = Release|Any CPU
		{EB716467-8002-450C-A1BE-D3F2649D2F9E}.Debug|Any CPU.ActiveCfg = Debug|Any CPU
		{EB716467-8002-450C-A1BE-D3F2649D2F9E}.Debug|Any CPU.Build.0 = Debug|Any CPU
		{EB716467-8002-450C-A1BE-D3F2649D2F9E}.Release|Any CPU.ActiveCfg = Release|Any CPU
		{EB716467-8002-450C-A1BE-D3F2649D2F9E}.Release|Any CPU.Build.0 = Release|Any CPU
		{7B646C7F-8019-4484-B8D1-1657895000EF}.Debug|Any CPU.ActiveCfg = Debug|Any CPU
		{7B646C7F-8019-4484-B8D1-1657895000EF}.Debug|Any CPU.Build.0 = Debug|Any CPU
		{7B646C7F-8019-4484-B8D1-1657895000EF}.Release|Any CPU.ActiveCfg = Release|Any CPU
		{7B646C7F-8019-4484-B8D1-1657895000EF}.Release|Any CPU.Build.0 = Release|Any CPU
		{3A804FC6-07E7-44C8-9245-026FDA9202DE}.Debug|Any CPU.ActiveCfg = Debug|Any CPU
		{3A804FC6-07E7-44C8-9245-026FDA9202DE}.Debug|Any CPU.Build.0 = Debug|Any CPU
		{3A804FC6-07E7-44C8-9245-026FDA9202DE}.Release|Any CPU.ActiveCfg = Release|Any CPU
		{3A804FC6-07E7-44C8-9245-026FDA9202DE}.Release|Any CPU.Build.0 = Release|Any CPU
		{95D4368D-92D9-48D4-ADDC-AEC37912E06B}.Debug|Any CPU.ActiveCfg = Debug|Any CPU
		{95D4368D-92D9-48D4-ADDC-AEC37912E06B}.Debug|Any CPU.Build.0 = Debug|Any CPU
		{95D4368D-92D9-48D4-ADDC-AEC37912E06B}.Release|Any CPU.ActiveCfg = Release|Any CPU
		{95D4368D-92D9-48D4-ADDC-AEC37912E06B}.Release|Any CPU.Build.0 = Release|Any CPU
		{84D46237-E19E-499C-B848-42D5530532A8}.Debug|Any CPU.ActiveCfg = Debug|Any CPU
		{84D46237-E19E-499C-B848-42D5530532A8}.Debug|Any CPU.Build.0 = Debug|Any CPU
		{84D46237-E19E-499C-B848-42D5530532A8}.Release|Any CPU.ActiveCfg = Release|Any CPU
		{84D46237-E19E-499C-B848-42D5530532A8}.Release|Any CPU.Build.0 = Release|Any CPU
		{34A4B00C-81D3-4AC7-BF0C-34BC12669B07}.Debug|Any CPU.ActiveCfg = Debug|Any CPU
		{34A4B00C-81D3-4AC7-BF0C-34BC12669B07}.Debug|Any CPU.Build.0 = Debug|Any CPU
		{34A4B00C-81D3-4AC7-BF0C-34BC12669B07}.Release|Any CPU.ActiveCfg = Release|Any CPU
		{34A4B00C-81D3-4AC7-BF0C-34BC12669B07}.Release|Any CPU.Build.0 = Release|Any CPU
		{A381C6FE-92C7-4E28-9E9D-F3218B85A312}.Debug|Any CPU.ActiveCfg = Debug|Any CPU
		{A381C6FE-92C7-4E28-9E9D-F3218B85A312}.Debug|Any CPU.Build.0 = Debug|Any CPU
		{A381C6FE-92C7-4E28-9E9D-F3218B85A312}.Release|Any CPU.ActiveCfg = Release|Any CPU
		{A381C6FE-92C7-4E28-9E9D-F3218B85A312}.Release|Any CPU.Build.0 = Release|Any CPU
		{115B7FC5-CFBC-4CFF-91C4-7824633C6A18}.Debug|Any CPU.ActiveCfg = Debug|Any CPU
		{115B7FC5-CFBC-4CFF-91C4-7824633C6A18}.Debug|Any CPU.Build.0 = Debug|Any CPU
		{115B7FC5-CFBC-4CFF-91C4-7824633C6A18}.Release|Any CPU.ActiveCfg = Release|Any CPU
		{115B7FC5-CFBC-4CFF-91C4-7824633C6A18}.Release|Any CPU.Build.0 = Release|Any CPU
	EndGlobalSection
	GlobalSection(SolutionProperties) = preSolution
		HideSolutionNode = FALSE
	EndGlobalSection
	GlobalSection(ExtensibilityGlobals) = postSolution
		SolutionGuid = {260EA670-55F0-4F49-81CF-2549C60F0DB4}
	EndGlobalSection
EndGlobal
