
Microsoft Visual Studio Solution File, Format Version 12.00
# Visual Studio Version 17
VisualStudioVersion = 17.2.32505.173
MinimumVisualStudioVersion = 10.0.40219.1
Project("{9A19103F-16F7-4668-BE54-9A1E7A4F7556}") = "Calculator", "Calculator\Calculator.csproj", "{DB35C139-CA0C-47E3-97B5-9ECD1C21C7A7}"
EndProject
Project("{9A19103F-16F7-4668-BE54-9A1E7A4F7556}") = "ValidationOfTheEntry", "ValidationOfTheEntry\ValidationOfTheEntry.csproj", "{EB716467-8002-450C-A1BE-D3F2649D2F9E}"
EndProject
Project("{9A19103F-16F7-4668-BE54-9A1E7A4F7556}") = "CheckBoxAndRadioButtons", "CheckBoxAndRadioButtons\CheckBoxAndRadioButtons.csproj", "{7B646C7F-8019-4484-B8D1-1657895000EF}"
EndProject
Project("{9A19103F-16F7-4668-BE54-9A1E7A4F7556}") = "LibInputValidation", "LibInputValidation\LibInputValidation.csproj", "{3A804FC6-07E7-44C8-9245-026FDA9202DE}"
EndProject
Project("{9A19103F-16F7-4668-BE54-9A1E7A4F7556}") = "TestOnValidationOfEntry", "TestOnValidationOfEntry\TestOnValidationOfEntry.csproj", "{95D4368D-92D9-48D4-ADDC-AEC37912E06B}"
EndProject
Global
	GlobalSection(SolutionConfigurationPlatforms) = preSolution
		Debug|Any CPU = Debug|Any CPU
		Release|Any CPU = Release|Any CPU
	EndGlobalSection
	GlobalSection(ProjectConfigurationPlatforms) = postSolution
		{DB35C139-CA0C-47E3-97B5-9ECD1C21C7A7}.Debug|Any CPU.ActiveCfg = Debug|Any CPU
		{DB35C139-CA0C-47E3-97B5-9ECD1C21C7A7}.Debug|Any CPU.Build.0 = Debug|Any CPU
		{DB35C139-CA0C-47E3-97B5-9ECD1C21C7A7}.Release|Any CPU.ActiveCfg = Release|Any CPU
		{DB35C139-CA0C-47E3-97B5-9ECD1C21C7A7}.Release|Any CPU.Build.0 = Release|Any CPU
		{EB716467-8002-450C-A1BE-D3F2649D2F9E}.Debug|Any CPU.ActiveCfg = Debug|Any CPU
		{EB716467-8002-450C-A1BE-D3F2649D2F9E}.Debug|Any CPU.Build.0 = Debug|Any CPU
		{EB716467-8002-450C-A1BE-D3F2649D2F9E}.Release|Any CPU.ActiveCfg = Release|Any CPU
		{EB716467-8002-450C-A1BE-D3F2649D2F9E}.Release|Any CPU.Build.0 = Release|Any CPU
		{7B646C7F-8019-4484-B8D1-1657895000EF}.Debug|Any CPU.ActiveCfg = Debug|Any CPU
		{7B646C7F-8019-4484-B8D1-1657895000EF}.Debug|Any CPU.Build.0 = Debug|Any CPU
		{7B646C7F-8019-4484-B8D1-1657895000EF}.Release|Any CPU.ActiveCfg = Release|Any CPU
		{7B646C7F-8019-4484-B8D1-1657895000EF}.Release|Any CPU.Build.0 = Release|Any CPU
		{3A804FC6-07E7-44C8-9245-026FDA9202DE}.Debug|Any CPU.ActiveCfg = Debug|Any CPU
		{3A804FC6-07E7-44C8-9245-026FDA9202DE}.Debug|Any CPU.Build.0 = Debug|Any CPU
		{3A804FC6-07E7-44C8-9245-026FDA9202DE}.Release|Any CPU.ActiveCfg = Release|Any CPU
		{3A804FC6-07E7-44C8-9245-026FDA9202DE}.Release|Any CPU.Build.0 = Release|Any CPU
		{95D4368D-92D9-48D4-ADDC-AEC37912E06B}.Debug|Any CPU.ActiveCfg = Debug|Any CPU
		{95D4368D-92D9-48D4-ADDC-AEC37912E06B}.Debug|Any CPU.Build.0 = Debug|Any CPU
		{95D4368D-92D9-48D4-ADDC-AEC37912E06B}.Release|Any CPU.ActiveCfg = Release|Any CPU
		{95D4368D-92D9-48D4-ADDC-AEC37912E06B}.Release|Any CPU.Build.0 = Release|Any CPU
	EndGlobalSection
	GlobalSection(SolutionProperties) = preSolution
		HideSolutionNode = FALSE
	EndGlobalSection
	GlobalSection(ExtensibilityGlobals) = postSolution
		SolutionGuid = {260EA670-55F0-4F49-81CF-2549C60F0DB4}
	EndGlobalSection
EndGlobal
